
Microsoft Visual Studio Solution File, Format Version 12.00
# Visual Studio Version 17
VisualStudioVersion = 17.10.34928.147
MinimumVisualStudioVersion = 10.0.40219.1
Project("{FAE04EC0-301F-11D3-BF4B-00C04F79EFBC}") = "EF02", "EF02\EF02.csproj", "{36B78E85-A035-4D64-8C1D-13B106DB00C4}"
EndProject
Global
	GlobalSection(SolutionConfigurationPlatforms) = preSolution
		Debug|Any CPU = Debug|Any CPU
		Release|Any CPU = Release|Any CPU
	EndGlobalSection
	GlobalSection(ProjectConfigurationPlatforms) = postSolution
		{36B78E85-A035-4D64-8C1D-13B106DB00C4}.Debug|Any CPU.ActiveCfg = Debug|Any CPU
		{36B78E85-A035-4D64-8C1D-13B106DB00C4}.Debug|Any CPU.Build.0 = Debug|Any CPU
		{36B78E85-A035-4D64-8C1D-13B106DB00C4}.Release|Any CPU.ActiveCfg = Release|Any CPU
		{36B78E85-A035-4D64-8C1D-13B106DB00C4}.Release|Any CPU.Build.0 = Release|Any CPU
	EndGlobalSection
	GlobalSection(SolutionProperties) = preSolution
		HideSolutionNode = FALSE
	EndGlobalSection
	GlobalSection(ExtensibilityGlobals) = postSolution
		SolutionGuid = {007234F0-0ECF-48CD-B5CE-60D85C0C7576}
	EndGlobalSection
EndGlobal
